
Microsoft Visual Studio Solution File, Format Version 12.00
# Visual Studio Version 16
VisualStudioVersion = 16.0.31205.134
MinimumVisualStudioVersion = 10.0.40219.1
Project("{FAE04EC0-301F-11D3-BF4B-00C04F79EFBC}") = "first_project", "first_project\first_project.csproj", "{B04B4FB6-C435-4CFC-B8B1-45BE75DED3A6}"
EndProject
Global
	GlobalSection(SolutionConfigurationPlatforms) = preSolution
		Debug|Any CPU = Debug|Any CPU
		Release|Any CPU = Release|Any CPU
	EndGlobalSection
	GlobalSection(ProjectConfigurationPlatforms) = postSolution
		{B04B4FB6-C435-4CFC-B8B1-45BE75DED3A6}.Debug|Any CPU.ActiveCfg = Debug|Any CPU
		{B04B4FB6-C435-4CFC-B8B1-45BE75DED3A6}.Debug|Any CPU.Build.0 = Debug|Any CPU
		{B04B4FB6-C435-4CFC-B8B1-45BE75DED3A6}.Release|Any CPU.ActiveCfg = Release|Any CPU
		{B04B4FB6-C435-4CFC-B8B1-45BE75DED3A6}.Release|Any CPU.Build.0 = Release|Any CPU
	EndGlobalSection
	GlobalSection(SolutionProperties) = preSolution
		HideSolutionNode = FALSE
	EndGlobalSection
	GlobalSection(ExtensibilityGlobals) = postSolution
		SolutionGuid = {BA3AC007-F0A5-4A62-AB6B-79B4ECB102F3}
	EndGlobalSection
EndGlobal
